
Microsoft Visual Studio Solution File, Format Version 12.00
# Visual Studio 15
VisualStudioVersion = 15.0.28307.572
MinimumVisualStudioVersion = 10.0.40219.1
Project("{FAE04EC0-301F-11D3-BF4B-00C04F79EFBC}") = "SchedulerWPF", "SchedulerWPF\SchedulerWPF.csproj", "{232314BB-86A9-4A81-9528-6036C2E45C5A}"
EndProject
Global
	GlobalSection(SolutionConfigurationPlatforms) = preSolution
		Debug|Any CPU = Debug|Any CPU
		Release|Any CPU = Release|Any CPU
	EndGlobalSection
	GlobalSection(ProjectConfigurationPlatforms) = postSolution
		{232314BB-86A9-4A81-9528-6036C2E45C5A}.Debug|Any CPU.ActiveCfg = Debug|Any CPU
		{232314BB-86A9-4A81-9528-6036C2E45C5A}.Debug|Any CPU.Build.0 = Debug|Any CPU
		{232314BB-86A9-4A81-9528-6036C2E45C5A}.Release|Any CPU.ActiveCfg = Release|Any CPU
		{232314BB-86A9-4A81-9528-6036C2E45C5A}.Release|Any CPU.Build.0 = Release|Any CPU
	EndGlobalSection
	GlobalSection(SolutionProperties) = preSolution
		HideSolutionNode = FALSE
	EndGlobalSection
	GlobalSection(ExtensibilityGlobals) = postSolution
		SolutionGuid = {32CC515F-B2D1-4B07-A461-30635A6EB19F}
	EndGlobalSection
EndGlobal
